lockfileVersion: '6.0'

settings:
  autoInstallPeers: true
  excludeLinksFromLockfile: false

dependencies:
  '@prisma/client':
    specifier: 5.1.0
    version: 5.1.0(prisma@5.0.0)

devDependencies:
  '@types/node':
    specifier: 20.4.5
    version: 20.4.5
  prisma:
    specifier: 5.0.0
    version: 5.0.0

packages:

  /@prisma/client@5.1.0(prisma@5.0.0):
    resolution: {integrity: sha512-aIxuXlH3p3Vy91buodQhYgAD9m0yuxJzpXMhc1ejQ/WN3pNNWzBA0iDcBObLq8DMdszcXmoLAk3hiRq/ZwBsOw==}
    engines: {node: '>=16.13'}
    requiresBuild: true
    peerDependencies:
      prisma: '*'
    peerDependenciesMeta:
      prisma:
        optional: true
    dependencies:
      '@prisma/engines-version': 5.1.0-28.a9b7003df90aa623086e4d6f4e43c72468e6339b
      prisma: 5.0.0
    dev: false

  /@prisma/engines-version@5.1.0-28.a9b7003df90aa623086e4d6f4e43c72468e6339b:
    resolution: {integrity: sha512-jTwE2oy1yjICmTfnCR0ASIpuMZXZ18sUzQXB7V0RMbrM9OlcmbUwXPuYhnxXuWN8XwRmujeIhsXs/Zeh+fjPOQ==}
    dev: false

  /@prisma/engines@5.0.0:
    resolution: {integrity: sha512-kyT/8fd0OpWmhAU5YnY7eP31brW1q1YrTGoblWrhQJDiN/1K+Z8S1kylcmtjqx5wsUGcP1HBWutayA/jtyt+sg==}
    requiresBuild: true

  /@types/node@20.4.5:
    resolution: {integrity: sha512-rt40Nk13II9JwQBdeYqmbn2Q6IVTA5uPhvSO+JVqdXw/6/4glI6oR9ezty/A9Hg5u7JH4OmYmuQ+XvjKm0Datg==}
    dev: true

  /prisma@5.0.0:
    resolution: {integrity: sha512-KYWk83Fhi1FH59jSpavAYTt2eoMVW9YKgu8ci0kuUnt6Dup5Qy47pcB4/TLmiPAbhGrxxSz7gsSnJcCmkyPANA==}
    engines: {node: '>=16.13'}
    hasBin: true
    requiresBuild: true
    dependencies:
      '@prisma/engines': 5.0.0
