lockfileVersion: '6.0'

settings:
  autoInstallPeers: true
  excludeLinksFromLockfile: false

dependencies:
  '@prisma/client':
    specifier: 5.6.0
    version: 5.6.0(prisma@5.6.0)

devDependencies:
  '@types/node':
    specifier: 20.10.0
    version: 20.10.0
  prisma:
    specifier: 5.6.0
    version: 5.6.0

packages:

  /@prisma/client@5.6.0(prisma@5.6.0):
    resolution: {integrity: sha512-mUDefQFa1wWqk4+JhKPYq8BdVoFk9NFMBXUI8jAkBfQTtgx8WPx02U2HB/XbAz3GSUJpeJOKJQtNvaAIDs6sug==}
    engines: {node: '>=16.13'}
    requiresBuild: true
    peerDependencies:
      prisma: '*'
    peerDependenciesMeta:
      prisma:
        optional: true
    dependencies:
      '@prisma/engines-version': 5.6.0-32.e95e739751f42d8ca026f6b910f5a2dc5adeaeee
      prisma: 5.6.0
    dev: false

  /@prisma/engines-version@5.6.0-32.e95e739751f42d8ca026f6b910f5a2dc5adeaeee:
    resolution: {integrity: sha512-UoFgbV1awGL/3wXuUK3GDaX2SolqczeeJ5b4FVec9tzeGbSWJboPSbT0psSrmgYAKiKnkOPFSLlH6+b+IyOwAw==}
    dev: false

  /@prisma/engines@5.6.0:
    resolution: {integrity: sha512-Mt2q+GNJpU2vFn6kif24oRSBQv1KOkYaterQsi0k2/lA+dLvhRX6Lm26gon6PYHwUM8/h8KRgXIUMU0PCLB6bw==}
    requiresBuild: true

  /@types/node@20.10.0:
    resolution: {integrity: sha512-D0WfRmU9TQ8I9PFx9Yc+EBHw+vSpIub4IDvQivcp26PtPrdMGAq5SDcpXEo/epqa/DXotVpekHiLNTg3iaKXBQ==}
    dependencies:
      undici-types: 5.26.5
    dev: true

  /prisma@5.6.0:
    resolution: {integrity: sha512-EEaccku4ZGshdr2cthYHhf7iyvCcXqwJDvnoQRAJg5ge2Tzpv0e2BaMCp+CbbDUwoVTzwgOap9Zp+d4jFa2O9A==}
    engines: {node: '>=16.13'}
    hasBin: true
    requiresBuild: true
    dependencies:
      '@prisma/engines': 5.6.0

  /undici-types@5.26.5:
    resolution: {integrity: sha512-JlCMO+ehdEIKqlFxk6IfVoAUVmgz7cU7zD/h9XZ0qzeosSHmUJVOzSQvvYSYWXkFXC+IfLKSIffhv0sVZup6pA==}
    dev: true
