lockfileVersion: '9.0'

settings:
  autoInstallPeers: true
  excludeLinksFromLockfile: false

importers:

  .:
    dependencies:
      '@prisma/client':
        specifier: 5.15.0
        version: 5.15.0(prisma@5.14.0)
    devDependencies:
      '@types/node':
        specifier: 20.13.0
        version: 20.13.0
      prisma:
        specifier: 5.14.0
        version: 5.14.0

packages:

  '@prisma/client@5.15.0':
    resolution: {integrity: sha512-wPTeTjbd2Q0abOeffN7zCDCbkp9C9cF+e9HPiI64lmpehyq2TepgXE+sY7FXr7Rhbb21prLMnhXX27/E11V09w==}
    engines: {node: '>=16.13'}
    peerDependencies:
      prisma: '*'
    peerDependenciesMeta:
      prisma:
        optional: true

  '@prisma/debug@5.14.0':
    resolution: {integrity: sha512-iq56qBZuFfX3fCxoxT8gBX33lQzomBU0qIUaEj1RebsKVz1ob/BVH1XSBwwwvRVtZEV1b7Fxx2eVu34Ge/mg3w==}

  '@prisma/engines-version@5.14.0-25.e9771e62de70f79a5e1c604a2d7c8e2a0a874b48':
    resolution: {integrity: sha512-ip6pNkRo1UxWv+6toxNcYvItNYaqQjXdFNGJ+Nuk2eYtRoEdoF13wxo7/jsClJFFenMPVNVqXQDV0oveXnR1cA==}

  '@prisma/engines@5.14.0':
    resolution: {integrity: sha512-lgxkKZ6IEygVcw6IZZUlPIfLQ9hjSYAtHjZ5r64sCLDgVzsPFCi2XBBJgzPMkOQ5RHzUD4E/dVdpn9+ez8tk1A==}

  '@prisma/fetch-engine@5.14.0':
    resolution: {integrity: sha512-VrheA9y9DMURK5vu8OJoOgQpxOhas3qF0IBHJ8G/0X44k82kc8E0w98HCn2nhnbOOMwbWsJWXfLC2/F8n5u0gQ==}

  '@prisma/get-platform@5.14.0':
    resolution: {integrity: sha512-/yAyBvcEjRv41ynZrhdrPtHgk47xLRRq/o5eWGcUpBJ1YrUZTYB8EoPiopnP7iQrMATK8stXQdPOoVlrzuTQZw==}

  '@types/node@20.13.0':
    resolution: {integrity: sha512-FM6AOb3khNkNIXPnHFDYaHerSv8uN22C91z098AnGccVu+Pcdhi+pNUFDi0iLmPIsVE0JBD0KVS7mzUYt4nRzQ==}

  prisma@5.14.0:
    resolution: {integrity: sha512-gCNZco7y5XtjrnQYeDJTiVZmT/ncqCr5RY1/Cf8X2wgLRmyh9ayPAGBNziI4qEE4S6SxCH5omQLVo9lmURaJ/Q==}
    engines: {node: '>=16.13'}
    hasBin: true

  undici-types@5.26.5:
    resolution: {integrity: sha512-JlCMO+ehdEIKqlFxk6IfVoAUVmgz7cU7zD/h9XZ0qzeosSHmUJVOzSQvvYSYWXkFXC+IfLKSIffhv0sVZup6pA==}

snapshots:

  '@prisma/client@5.15.0(prisma@5.14.0)':
    optionalDependencies:
      prisma: 5.14.0

  '@prisma/debug@5.14.0': {}

  '@prisma/engines-version@5.14.0-25.e9771e62de70f79a5e1c604a2d7c8e2a0a874b48': {}

  '@prisma/engines@5.14.0':
    dependencies:
      '@prisma/debug': 5.14.0
      '@prisma/engines-version': 5.14.0-25.e9771e62de70f79a5e1c604a2d7c8e2a0a874b48
      '@prisma/fetch-engine': 5.14.0
      '@prisma/get-platform': 5.14.0

  '@prisma/fetch-engine@5.14.0':
    dependencies:
      '@prisma/debug': 5.14.0
      '@prisma/engines-version': 5.14.0-25.e9771e62de70f79a5e1c604a2d7c8e2a0a874b48
      '@prisma/get-platform': 5.14.0

  '@prisma/get-platform@5.14.0':
    dependencies:
      '@prisma/debug': 5.14.0

  '@types/node@20.13.0':
    dependencies:
      undici-types: 5.26.5

  prisma@5.14.0:
    dependencies:
      '@prisma/engines': 5.14.0

  undici-types@5.26.5: {}
